
Microsoft Visual Studio Solution File, Format Version 12.00
# Visual Studio 15
VisualStudioVersion = 15.0.28307.421
MinimumVisualStudioVersion = 10.0.40219.1
Project("{8BC9CEB8-8B4A-11D0-8D11-00A0C91BC942}") = "libCalc", "libCalc\libCalc.vcxproj", "{3CA93956-751C-482C-9521-82D073AF7679}"
EndProject
Project("{8BC9CEB8-8B4A-11D0-8D11-00A0C91BC942}") = "Calc", "Calc\Calc.vcxproj", "{D506D450-08C8-48DA-9CF2-51E3387AD91E}"
EndProject
Project("{FAE04EC0-301F-11D3-BF4B-00C04F79EFBC}") = "LiteCalc", "LiteCalc\LiteCalc.csproj", "{BA66718D-CC2F-48D8-86B5-452BA9ABC01E}"
EndProject
Project("{8BC9CEB8-8B4A-11D0-8D11-00A0C91BC942}") = "CmdCalc", "CmdCalc\CmdCalc.vcxproj", "{FCFA5AD6-887F-4BD0-AE65-E2F3C05DDC0A}"
EndProject
Global
	GlobalSection(SolutionConfigurationPlatforms) = preSolution
		Debug|Any CPU = Debug|Any CPU
		Debug|x64 = Debug|x64
		Debug|x86 = Debug|x86
		Release|Any CPU = Release|Any CPU
		Release|x64 = Release|x64
		Release|x86 = Release|x86
	EndGlobalSection
	GlobalSection(ProjectConfigurationPlatforms) = postSolution
		{3CA93956-751C-482C-9521-82D073AF7679}.Debug|Any CPU.ActiveCfg = Debug|Win32
		{3CA93956-751C-482C-9521-82D073AF7679}.Debug|x64.ActiveCfg = Debug|x64
		{3CA93956-751C-482C-9521-82D073AF7679}.Debug|x64.Build.0 = Debug|x64
		{3CA93956-751C-482C-9521-82D073AF7679}.Debug|x86.ActiveCfg = Debug|Win32
		{3CA93956-751C-482C-9521-82D073AF7679}.Debug|x86.Build.0 = Debug|Win32
		{3CA93956-751C-482C-9521-82D073AF7679}.Release|Any CPU.ActiveCfg = Release|Win32
		{3CA93956-751C-482C-9521-82D073AF7679}.Release|x64.ActiveCfg = Release|x64
		{3CA93956-751C-482C-9521-82D073AF7679}.Release|x64.Build.0 = Release|x64
		{3CA93956-751C-482C-9521-82D073AF7679}.Release|x86.ActiveCfg = Release|Win32
		{3CA93956-751C-482C-9521-82D073AF7679}.Release|x86.Build.0 = Release|Win32
		{D506D450-08C8-48DA-9CF2-51E3387AD91E}.Debug|Any CPU.ActiveCfg = Debug|Win32
		{D506D450-08C8-48DA-9CF2-51E3387AD91E}.Debug|x64.ActiveCfg = Debug|x64
		{D506D450-08C8-48DA-9CF2-51E3387AD91E}.Debug|x64.Build.0 = Debug|x64
		{D506D450-08C8-48DA-9CF2-51E3387AD91E}.Debug|x86.ActiveCfg = Debug|Win32
		{D506D450-08C8-48DA-9CF2-51E3387AD91E}.Debug|x86.Build.0 = Debug|Win32
		{D506D450-08C8-48DA-9CF2-51E3387AD91E}.Release|Any CPU.ActiveCfg = Release|Win32
		{D506D450-08C8-48DA-9CF2-51E3387AD91E}.Release|x64.ActiveCfg = Release|x64
		{D506D450-08C8-48DA-9CF2-51E3387AD91E}.Release|x64.Build.0 = Release|x64
		{D506D450-08C8-48DA-9CF2-51E3387AD91E}.Release|x86.ActiveCfg = Release|Win32
		{D506D450-08C8-48DA-9CF2-51E3387AD91E}.Release|x86.Build.0 = Release|Win32
		{BA66718D-CC2F-48D8-86B5-452BA9ABC01E}.Debug|Any CPU.ActiveCfg = Debug|Any CPU
		{BA66718D-CC2F-48D8-86B5-452BA9ABC01E}.Debug|Any CPU.Build.0 = Debug|Any CPU
		{BA66718D-CC2F-48D8-86B5-452BA9ABC01E}.Debug|x64.ActiveCfg = Debug|Any CPU
		{BA66718D-CC2F-48D8-86B5-452BA9ABC01E}.Debug|x64.Build.0 = Debug|Any CPU
		{BA66718D-CC2F-48D8-86B5-452BA9ABC01E}.Debug|x86.ActiveCfg = Debug|Any CPU
		{BA66718D-CC2F-48D8-86B5-452BA9ABC01E}.Debug|x86.Build.0 = Debug|Any CPU
		{BA66718D-CC2F-48D8-86B5-452BA9ABC01E}.Release|Any CPU.ActiveCfg = Release|Any CPU
		{BA66718D-CC2F-48D8-86B5-452BA9ABC01E}.Release|Any CPU.Build.0 = Release|Any CPU
		{BA66718D-CC2F-48D8-86B5-452BA9ABC01E}.Release|x64.ActiveCfg = Release|Any CPU
		{BA66718D-CC2F-48D8-86B5-452BA9ABC01E}.Release|x64.Build.0 = Release|Any CPU
		{BA66718D-CC2F-48D8-86B5-452BA9ABC01E}.Release|x86.ActiveCfg = Release|Any CPU
		{BA66718D-CC2F-48D8-86B5-452BA9ABC01E}.Release|x86.Build.0 = Release|Any CPU
		{FCFA5AD6-887F-4BD0-AE65-E2F3C05DDC0A}.Debug|Any CPU.ActiveCfg = Debug|Win32
		{FCFA5AD6-887F-4BD0-AE65-E2F3C05DDC0A}.Debug|x64.ActiveCfg = Debug|x64
		{FCFA5AD6-887F-4BD0-AE65-E2F3C05DDC0A}.Debug|x64.Build.0 = Debug|x64
		{FCFA5AD6-887F-4BD0-AE65-E2F3C05DDC0A}.Debug|x86.ActiveCfg = Debug|Win32
		{FCFA5AD6-887F-4BD0-AE65-E2F3C05DDC0A}.Debug|x86.Build.0 = Debug|Win32
		{FCFA5AD6-887F-4BD0-AE65-E2F3C05DDC0A}.Release|Any CPU.ActiveCfg = Release|Win32
		{FCFA5AD6-887F-4BD0-AE65-E2F3C05DDC0A}.Release|x64.ActiveCfg = Release|x64
		{FCFA5AD6-887F-4BD0-AE65-E2F3C05DDC0A}.Release|x64.Build.0 = Release|x64
		{FCFA5AD6-887F-4BD0-AE65-E2F3C05DDC0A}.Release|x86.ActiveCfg = Release|Win32
		{FCFA5AD6-887F-4BD0-AE65-E2F3C05DDC0A}.Release|x86.Build.0 = Release|Win32
	EndGlobalSection
	GlobalSection(SolutionProperties) = preSolution
		HideSolutionNode = FALSE
	EndGlobalSection
	GlobalSection(ExtensibilityGlobals) = postSolution
		SolutionGuid = {19027378-E2DB-4226-99FA-009812E3CA5D}
	EndGlobalSection
EndGlobal
